
Microsoft Visual Studio Solution File, Format Version 12.00
# Visual Studio Version 17
VisualStudioVersion = 17.2.32516.85
MinimumVisualStudioVersion = 10.0.40219.1
Project("{FAE04EC0-301F-11D3-BF4B-00C04F79EFBC}") = "ProjectsManagement", "ProjectsManagement\ProjectsManagement.csproj", "{5E1229A2-B1D2-4E59-9905-350A6A850406}"
EndProject
Global
	GlobalSection(SolutionConfigurationPlatforms) = preSolution
		Debug|Any CPU = Debug|Any CPU
		Release|Any CPU = Release|Any CPU
	EndGlobalSection
	GlobalSection(ProjectConfigurationPlatforms) = postSolution
		{5E1229A2-B1D2-4E59-9905-350A6A850406}.Debug|Any CPU.ActiveCfg = Debug|Any CPU
		{5E1229A2-B1D2-4E59-9905-350A6A850406}.Debug|Any CPU.Build.0 = Debug|Any CPU
		{5E1229A2-B1D2-4E59-9905-350A6A850406}.Release|Any CPU.ActiveCfg = Release|Any CPU
		{5E1229A2-B1D2-4E59-9905-350A6A850406}.Release|Any CPU.Build.0 = Release|Any CPU
	EndGlobalSection
	GlobalSection(SolutionProperties) = preSolution
		HideSolutionNode = FALSE
	EndGlobalSection
	GlobalSection(ExtensibilityGlobals) = postSolution
		SolutionGuid = {1DCE2D0B-DB8F-425D-8B21-2967AC75A9F2}
	EndGlobalSection
EndGlobal
